
Microsoft Visual Studio Solution File, Format Version 12.00
# Visual Studio Version 17
VisualStudioVersion = 17.7.34018.315
MinimumVisualStudioVersion = 10.0.40219.1
Project("{888888A0-9F3D-457C-B088-3A5042F75D52}") = "tango_with_django_project", "tango_with_django_project\tango_with_django_project.pyproj", "{F3D3D379-D2F6-4ABD-BE00-3FAC0F0A1E0D}"
EndProject
Global
	GlobalSection(SolutionConfigurationPlatforms) = preSolution
		Debug|Any CPU = Debug|Any CPU
		Release|Any CPU = Release|Any CPU
	EndGlobalSection
	GlobalSection(ProjectConfigurationPlatforms) = postSolution
		{F3D3D379-D2F6-4ABD-BE00-3FAC0F0A1E0D}.Debug|Any CPU.ActiveCfg = Debug|Any CPU
		{F3D3D379-D2F6-4ABD-BE00-3FAC0F0A1E0D}.Debug|Any CPU.Build.0 = Debug|Any CPU
		{F3D3D379-D2F6-4ABD-BE00-3FAC0F0A1E0D}.Release|Any CPU.ActiveCfg = Release|Any CPU
		{F3D3D379-D2F6-4ABD-BE00-3FAC0F0A1E0D}.Release|Any CPU.Build.0 = Release|Any CPU
	EndGlobalSection
	GlobalSection(SolutionProperties) = preSolution
		HideSolutionNode = FALSE
	EndGlobalSection
	GlobalSection(ExtensibilityGlobals) = postSolution
		SolutionGuid = {75CCC8F4-86E6-4975-A489-5C3AF9661D75}
	EndGlobalSection
EndGlobal
